
Microsoft Visual Studio Solution File, Format Version 12.00
# Visual Studio Version 16
VisualStudioVersion = 16.0.30128.74
MinimumVisualStudioVersion = 10.0.40219.1
Project("{FAE04EC0-301F-11D3-BF4B-00C04F79EFBC}") = "GPUDeclickerUWP", "GPUDeclickerUWP\GPUDeclickerUWP.csproj", "{D58852A8-707D-466D-B4E6-74AD591B69E0}"
EndProject
Project("{9A19103F-16F7-4668-BE54-9A1E7A4F7556}") = "CarefulAudioRepair", "..\CarefulAudioRepair\CarefulAudioRepair\CarefulAudioRepair.csproj", "{58421AD3-0F72-4083-B556-F0E78905A144}"
EndProject
Project("{FAE04EC0-301F-11D3-BF4B-00C04F79EFBC}") = "AudioGraphExtensions", "..\AudioGraphExtensions\AudioGraphExtensions\AudioGraphExtensions.csproj", "{DC8E9B48-1312-4DF3-9BE3-71BBC2D2E3BC}"
EndProject
Global
	GlobalSection(SolutionConfigurationPlatforms) = preSolution
		Debug|Any CPU = Debug|Any CPU
		Debug|ARM = Debug|ARM
		Debug|ARM64 = Debug|ARM64
		Debug|x64 = Debug|x64
		Debug|x86 = Debug|x86
		Release|Any CPU = Release|Any CPU
		Release|ARM = Release|ARM
		Release|ARM64 = Release|ARM64
		Release|x64 = Release|x64
		Release|x86 = Release|x86
	EndGlobalSection
	GlobalSection(ProjectConfigurationPlatforms) = postSolution
		{D58852A8-707D-466D-B4E6-74AD591B69E0}.Debug|Any CPU.ActiveCfg = Debug|x86
		{D58852A8-707D-466D-B4E6-74AD591B69E0}.Debug|Any CPU.Build.0 = Debug|x86
		{D58852A8-707D-466D-B4E6-74AD591B69E0}.Debug|Any CPU.Deploy.0 = Debug|x86
		{D58852A8-707D-466D-B4E6-74AD591B69E0}.Debug|ARM.ActiveCfg = Debug|ARM
		{D58852A8-707D-466D-B4E6-74AD591B69E0}.Debug|ARM.Build.0 = Debug|ARM
		{D58852A8-707D-466D-B4E6-74AD591B69E0}.Debug|ARM.Deploy.0 = Debug|ARM
		{D58852A8-707D-466D-B4E6-74AD591B69E0}.Debug|ARM64.ActiveCfg = Debug|x86
		{D58852A8-707D-466D-B4E6-74AD591B69E0}.Debug|x64.ActiveCfg = Debug|x86
		{D58852A8-707D-466D-B4E6-74AD591B69E0}.Debug|x64.Build.0 = Debug|x86
		{D58852A8-707D-466D-B4E6-74AD591B69E0}.Debug|x64.Deploy.0 = Debug|x86
		{D58852A8-707D-466D-B4E6-74AD591B69E0}.Debug|x86.ActiveCfg = Debug|x86
		{D58852A8-707D-466D-B4E6-74AD591B69E0}.Debug|x86.Build.0 = Debug|x86
		{D58852A8-707D-466D-B4E6-74AD591B69E0}.Debug|x86.Deploy.0 = Debug|x86
		{D58852A8-707D-466D-B4E6-74AD591B69E0}.Release|Any CPU.ActiveCfg = Release|x64
		{D58852A8-707D-466D-B4E6-74AD591B69E0}.Release|Any CPU.Build.0 = Release|x64
		{D58852A8-707D-466D-B4E6-74AD591B69E0}.Release|Any CPU.Deploy.0 = Release|x64
		{D58852A8-707D-466D-B4E6-74AD591B69E0}.Release|ARM.ActiveCfg = Release|ARM
		{D58852A8-707D-466D-B4E6-74AD591B69E0}.Release|ARM.Build.0 = Release|ARM
		{D58852A8-707D-466D-B4E6-74AD591B69E0}.Release|ARM.Deploy.0 = Release|ARM
		{D58852A8-707D-466D-B4E6-74AD591B69E0}.Release|ARM64.ActiveCfg = Release|x86
		{D58852A8-707D-466D-B4E6-74AD591B69E0}.Release|x64.ActiveCfg = Release|x64
		{D58852A8-707D-466D-B4E6-74AD591B69E0}.Release|x64.Build.0 = Release|x64
		{D58852A8-707D-466D-B4E6-74AD591B69E0}.Release|x64.Deploy.0 = Release|x64
		{D58852A8-707D-466D-B4E6-74AD591B69E0}.Release|x86.ActiveCfg = Release|x86
		{D58852A8-707D-466D-B4E6-74AD591B69E0}.Release|x86.Build.0 = Release|x86
		{D58852A8-707D-466D-B4E6-74AD591B69E0}.Release|x86.Deploy.0 = Release|x86
		{58421AD3-0F72-4083-B556-F0E78905A144}.Debug|Any CPU.ActiveCfg = Debug|Any CPU
		{58421AD3-0F72-4083-B556-F0E78905A144}.Debug|Any CPU.Build.0 = Debug|Any CPU
		{58421AD3-0F72-4083-B556-F0E78905A144}.Debug|ARM.ActiveCfg = Debug|Any CPU
		{58421AD3-0F72-4083-B556-F0E78905A144}.Debug|ARM.Build.0 = Debug|Any CPU
		{58421AD3-0F72-4083-B556-F0E78905A144}.Debug|ARM64.ActiveCfg = Debug|Any CPU
		{58421AD3-0F72-4083-B556-F0E78905A144}.Debug|ARM64.Build.0 = Debug|Any CPU
		{58421AD3-0F72-4083-B556-F0E78905A144}.Debug|x64.ActiveCfg = Debug|Any CPU
		{58421AD3-0F72-4083-B556-F0E78905A144}.Debug|x64.Build.0 = Debug|Any CPU
		{58421AD3-0F72-4083-B556-F0E78905A144}.Debug|x86.ActiveCfg = Debug|Any CPU
		{58421AD3-0F72-4083-B556-F0E78905A144}.Debug|x86.Build.0 = Debug|Any CPU
		{58421AD3-0F72-4083-B556-F0E78905A144}.Release|Any CPU.ActiveCfg = Release|Any CPU
		{58421AD3-0F72-4083-B556-F0E78905A144}.Release|Any CPU.Build.0 = Release|Any CPU
		{58421AD3-0F72-4083-B556-F0E78905A144}.Release|ARM.ActiveCfg = Release|Any CPU
		{58421AD3-0F72-4083-B556-F0E78905A144}.Release|ARM.Build.0 = Release|Any CPU
		{58421AD3-0F72-4083-B556-F0E78905A144}.Release|ARM64.ActiveCfg = Release|Any CPU
		{58421AD3-0F72-4083-B556-F0E78905A144}.Release|ARM64.Build.0 = Release|Any CPU
		{58421AD3-0F72-4083-B556-F0E78905A144}.Release|x64.ActiveCfg = Release|Any CPU
		{58421AD3-0F72-4083-B556-F0E78905A144}.Release|x64.Build.0 = Release|Any CPU
		{58421AD3-0F72-4083-B556-F0E78905A144}.Release|x86.ActiveCfg = Release|Any CPU
		{58421AD3-0F72-4083-B556-F0E78905A144}.Release|x86.Build.0 = Release|Any CPU
		{DC8E9B48-1312-4DF3-9BE3-71BBC2D2E3BC}.Debug|Any CPU.ActiveCfg = Debug|Any CPU
		{DC8E9B48-1312-4DF3-9BE3-71BBC2D2E3BC}.Debug|Any CPU.Build.0 = Debug|Any CPU
		{DC8E9B48-1312-4DF3-9BE3-71BBC2D2E3BC}.Debug|ARM.ActiveCfg = Debug|ARM
		{DC8E9B48-1312-4DF3-9BE3-71BBC2D2E3BC}.Debug|ARM.Build.0 = Debug|ARM
		{DC8E9B48-1312-4DF3-9BE3-71BBC2D2E3BC}.Debug|ARM64.ActiveCfg = Debug|ARM64
		{DC8E9B48-1312-4DF3-9BE3-71BBC2D2E3BC}.Debug|ARM64.Build.0 = Debug|ARM64
		{DC8E9B48-1312-4DF3-9BE3-71BBC2D2E3BC}.Debug|x64.ActiveCfg = Debug|x64
		{DC8E9B48-1312-4DF3-9BE3-71BBC2D2E3BC}.Debug|x64.Build.0 = Debug|x64
		{DC8E9B48-1312-4DF3-9BE3-71BBC2D2E3BC}.Debug|x86.ActiveCfg = Debug|x86
		{DC8E9B48-1312-4DF3-9BE3-71BBC2D2E3BC}.Debug|x86.Build.0 = Debug|x86
		{DC8E9B48-1312-4DF3-9BE3-71BBC2D2E3BC}.Release|Any CPU.ActiveCfg = Release|Any CPU
		{DC8E9B48-1312-4DF3-9BE3-71BBC2D2E3BC}.Release|Any CPU.Build.0 = Release|Any CPU
		{DC8E9B48-1312-4DF3-9BE3-71BBC2D2E3BC}.Release|ARM.ActiveCfg = Release|ARM
		{DC8E9B48-1312-4DF3-9BE3-71BBC2D2E3BC}.Release|ARM.Build.0 = Release|ARM
		{DC8E9B48-1312-4DF3-9BE3-71BBC2D2E3BC}.Release|ARM64.ActiveCfg = Release|ARM64
		{DC8E9B48-1312-4DF3-9BE3-71BBC2D2E3BC}.Release|ARM64.Build.0 = Release|ARM64
		{DC8E9B48-1312-4DF3-9BE3-71BBC2D2E3BC}.Release|x64.ActiveCfg = Release|x64
		{DC8E9B48-1312-4DF3-9BE3-71BBC2D2E3BC}.Release|x64.Build.0 = Release|x64
		{DC8E9B48-1312-4DF3-9BE3-71BBC2D2E3BC}.Release|x86.ActiveCfg = Release|x86
		{DC8E9B48-1312-4DF3-9BE3-71BBC2D2E3BC}.Release|x86.Build.0 = Release|x86
	EndGlobalSection
	GlobalSection(SolutionProperties) = preSolution
		HideSolutionNode = FALSE
	EndGlobalSection
	GlobalSection(ExtensibilityGlobals) = postSolution
		SolutionGuid = {14F01049-F51F-4215-BA15-8A1E83B9DBFA}
	EndGlobalSection
EndGlobal
